// !$*UTF8*$!
{
	archiveVersion = 1;
	classes = {
	};
	objectVersion = 56;
	objects = {

/* Begin PBXBuildFile section */
		57BBAA642BE1912200E3DE8C /* supereffectiveApp.swift in Sources */ = {isa = PBXBuildFile; fileRef = 57BBAA632BE1912200E3DE8C /* supereffectiveApp.swift */; };
		57BBAA662BE1912200E3DE8C /* ContentView.swift in Sources */ = {isa = PBXBuildFile; fileRef = 57BBAA652BE1912200E3DE8C /* ContentView.swift */; };
		57BBAA682BE1912400E3DE8C /* Assets.xcassets in Resources */ = {isa = PBXBuildFile; fileRef = 57BBAA672BE1912400E3DE8C /* Assets.xcassets */; };
		57BBAA6B2BE1912400E3DE8C /* Preview Assets.xcassets in Resources */ = {isa = PBXBuildFile; fileRef = 57BBAA6A2BE1912400E3DE8C /* Preview Assets.xcassets */; };
		57BBAA752BE1912400E3DE8C /* supereffectiveTests.swift in Sources */ = {isa = PBXBuildFile; fileRef = 57BBAA742BE1912400E3DE8C /* supereffectiveTests.swift */; };
		57BBAA7F2BE1912400E3DE8C /* supereffectiveUITests.swift in Sources */ = {isa = PBXBuildFile; fileRef = 57BBAA7E2BE1912400E3DE8C /* supereffectiveUITests.swift */; };
		57BBAA812BE1912400E3DE8C /* supereffectiveUITestsLaunchTests.swift in Sources */ = {isa = PBXBuildFile; fileRef = 57BBAA802BE1912400E3DE8C /* supereffectiveUITestsLaunchTests.swift */; };
/* End PBXBuildFile section */

/* Begin PBXContainerItemProxy section */
		57BBAA712BE1912400E3DE8C /* PBXContainerItemProxy */ = {
			isa = PBXContainerItemProxy;
			containerPortal = 57BBAA582BE1912200E3DE8C /* Project object */;
			proxyType = 1;
			remoteGlobalIDString = 57BBAA5F2BE1912200E3DE8C;
			remoteInfo = supereffective;
		};
		57BBAA7B2BE1912400E3DE8C /* PBXContainerItemProxy */ = {
			isa = PBXContainerItemProxy;
			containerPortal = 57BBAA582BE1912200E3DE8C /* Project object */;
			proxyType = 1;
			remoteGlobalIDString = 57BBAA5F2BE1912200E3DE8C;
			remoteInfo = supereffective;
		};
/* End PBXContainerItemProxy section */

/* Begin PBXFileReference section */
		57BBAA602BE1912200E3DE8C /* supereffective.app */ = {isa = PBXFileReference; explicitFileType = wrapper.application; includeInIndex = 0; path = supereffective.app; sourceTree = BUILT_PRODUCTS_DIR; };
		57BBAA632BE1912200E3DE8C /* supereffectiveApp.swift */ = {isa = PBXFileReference; lastKnownFileType = sourcecode.swift; path = supereffectiveApp.swift; sourceTree = "<group>"; };
		57BBAA652BE1912200E3DE8C /* ContentView.swift */ = {isa = PBXFileReference; lastKnownFileType = sourcecode.swift; path = ContentView.swift; sourceTree = "<group>"; };
		57BBAA672BE1912400E3DE8C /* Assets.xcassets */ = {isa = PBXFileReference; lastKnownFileType = folder.assetcatalog; path = Assets.xcassets; sourceTree = "<group>"; };
		57BBAA6A2BE1912400E3DE8C /* Preview Assets.xcassets */ = {isa = PBXFileReference; lastKnownFileType = folder.assetcatalog; path = "Preview Assets.xcassets"; sourceTree = "<group>"; };
		57BBAA702BE1912400E3DE8C /* supereffectiveTests.xctest */ = {isa = PBXFileReference; explicitFileType = wrapper.cfbundle; includeInIndex = 0; path = supereffectiveTests.xctest; sourceTree = BUILT_PRODUCTS_DIR; };
		57BBAA742BE1912400E3DE8C /* supereffectiveTests.swift */ = {isa = PBXFileReference; lastKnownFileType = sourcecode.swift; path = supereffectiveTests.swift; sourceTree = "<group>"; };
		57BBAA7A2BE1912400E3DE8C /* supereffectiveUITests.xctest */ = {isa = PBXFileReference; explicitFileType = wrapper.cfbundle; includeInIndex = 0; path = supereffectiveUITests.xctest; sourceTree = BUILT_PRODUCTS_DIR; };
		57BBAA7E2BE1912400E3DE8C /* supereffectiveUITests.swift */ = {isa = PBXFileReference; lastKnownFileType = sourcecode.swift; path = supereffectiveUITests.swift; sourceTree = "<group>"; };
		57BBAA802BE1912400E3DE8C /* supereffectiveUITestsLaunchTests.swift */ = {isa = PBXFileReference; lastKnownFileType = sourcecode.swift; path = supereffectiveUITestsLaunchTests.swift; sourceTree = "<group>"; };
/* End PBXFileReference section */

/* Begin PBXFrameworksBuildPhase section */
		57BBAA5D2BE1912200E3DE8C /* Frameworks */ = {
			isa = PBXFrameworksBuildPhase;
			buildActionMask = 2147483647;
			files = (
			);
			runOnlyForDeploymentPostprocessing = 0;
		};
		57BBAA6D2BE1912400E3DE8C /* Frameworks */ = {
			isa = PBXFrameworksBuildPhase;
			buildActionMask = 2147483647;
			files = (
			);
			runOnlyForDeploymentPostprocessing = 0;
		};
		57BBAA772BE1912400E3DE8C /* Frameworks */ = {
			isa = PBXFrameworksBuildPhase;
			buildActionMask = 2147483647;
			files = (
			);
			runOnlyForDeploymentPostprocessing = 0;
		};
/* End PBXFrameworksBuildPhase section */

/* Begin PBXGroup section */
		57BBAA572BE1912200E3DE8C = {
			isa = PBXGroup;
			children = (
				57BBAA622BE1912200E3DE8C /* supereffective */,
				57BBAA732BE1912400E3DE8C /* supereffectiveTests */,
				57BBAA7D2BE1912400E3DE8C /* supereffectiveUITests */,
				57BBAA612BE1912200E3DE8C /* Products */,
			);
			sourceTree = "<group>";
		};
		57BBAA612BE1912200E3DE8C /* Products */ = {
			isa = PBXGroup;
			children = (
				57BBAA602BE1912200E3DE8C /* supereffective.app */,
				57BBAA702BE1912400E3DE8C /* supereffectiveTests.xctest */,
				57BBAA7A2BE1912400E3DE8C /* supereffectiveUITests.xctest */,
			);
			name = Products;
			sourceTree = "<group>";
		};
		57BBAA622BE1912200E3DE8C /* supereffective */ = {
			isa = PBXGroup;
			children = (
				57BBAA632BE1912200E3DE8C /* supereffectiveApp.swift */,
				57BBAA652BE1912200E3DE8C /* ContentView.swift */,
				57BBAA672BE1912400E3DE8C /* Assets.xcassets */,
				57BBAA692BE1912400E3DE8C /* Preview Content */,
			);
			path = supereffective;
			sourceTree = "<group>";
		};
		57BBAA692BE1912400E3DE8C /* Preview Content */ = {
			isa = PBXGroup;
			children = (
				57BBAA6A2BE1912400E3DE8C /* Preview Assets.xcassets */,
			);
			path = "Preview Content";
			sourceTree = "<group>";
		};
		57BBAA732BE1912400E3DE8C /* supereffectiveTests */ = {
			isa = PBXGroup;
			children = (
				57BBAA742BE1912400E3DE8C /* supereffectiveTests.swift */,
			);
			path = supereffectiveTests;
			sourceTree = "<group>";
		};
		57BBAA7D2BE1912400E3DE8C /* supereffectiveUITests */ = {
			isa = PBXGroup;
			children = (
				57BBAA7E2BE1912400E3DE8C /* supereffectiveUITests.swift */,
				57BBAA802BE1912400E3DE8C /* supereffectiveUITestsLaunchTests.swift */,
			);
			path = supereffectiveUITests;
			sourceTree = "<group>";
		};
/* End PBXGroup section */

/* Begin PBXNativeTarget section */
		57BBAA5F2BE1912200E3DE8C /* supereffective */ = {
			isa = PBXNativeTarget;
			buildConfigurationList = 57BBAA842BE1912400E3DE8C /* Build configuration list for PBXNativeTarget "supereffective" */;
			buildPhases = (
				57BBAA5C2BE1912200E3DE8C /* Sources */,
				57BBAA5D2BE1912200E3DE8C /* Frameworks */,
				57BBAA5E2BE1912200E3DE8C /* Resources */,
			);
			buildRules = (
			);
			dependencies = (
			);
			name = supereffective;
			productName = supereffective;
			productReference = 57BBAA602BE1912200E3DE8C /* supereffective.app */;
			productType = "com.apple.product-type.application";
		};
		57BBAA6F2BE1912400E3DE8C /* supereffectiveTests */ = {
			isa = PBXNativeTarget;
			buildConfigurationList = 57BBAA872BE1912400E3DE8C /* Build configuration list for PBXNativeTarget "supereffectiveTests" */;
			buildPhases = (
				57BBAA6C2BE1912400E3DE8C /* Sources */,
				57BBAA6D2BE1912400E3DE8C /* Frameworks */,
				57BBAA6E2BE1912400E3DE8C /* Resources */,
			);
			buildRules = (
			);
			dependencies = (
				57BBAA722BE1912400E3DE8C /* PBXTargetDependency */,
			);
			name = supereffectiveTests;
			productName = supereffectiveTests;
			productReference = 57BBAA702BE1912400E3DE8C /* supereffectiveTests.xctest */;
			productType = "com.apple.product-type.bundle.unit-test";
		};
		57BBAA792BE1912400E3DE8C /* supereffectiveUITests */ = {
			isa = PBXNativeTarget;
			buildConfigurationList = 57BBAA8A2BE1912400E3DE8C /* Build configuration list for PBXNativeTarget "supereffectiveUITests" */;
			buildPhases = (
				57BBAA762BE1912400E3DE8C /* Sources */,
				57BBAA772BE1912400E3DE8C /* Frameworks */,
				57BBAA782BE1912400E3DE8C /* Resources */,
			);
			buildRules = (
			);
			dependencies = (
				57BBAA7C2BE1912400E3DE8C /* PBXTargetDependency */,
			);
			name = supereffectiveUITests;
			productName = supereffectiveUITests;
			productReference = 57BBAA7A2BE1912400E3DE8C /* supereffectiveUITests.xctest */;
			productType = "com.apple.product-type.bundle.ui-testing";
		};
/* End PBXNativeTarget section */

/* Begin PBXProject section */
		57BBAA582BE1912200E3DE8C /* Project object */ = {
			isa = PBXProject;
			attributes = {
				BuildIndependentTargetsInParallel = 1;
				LastSwiftUpdateCheck = 1530;
				LastUpgradeCheck = 1530;
				TargetAttributes = {
					57BBAA5F2BE1912200E3DE8C = {
						CreatedOnToolsVersion = 15.3;
					};
					57BBAA6F2BE1912400E3DE8C = {
						CreatedOnToolsVersion = 15.3;
						TestTargetID = 57BBAA5F2BE1912200E3DE8C;
					};
					57BBAA792BE1912400E3DE8C = {
						CreatedOnToolsVersion = 15.3;
						TestTargetID = 57BBAA5F2BE1912200E3DE8C;
					};
				};
			};
			buildConfigurationList = 57BBAA5B2BE1912200E3DE8C /* Build configuration list for PBXProject "supereffective" */;
			compatibilityVersion = "Xcode 14.0";
			developmentRegion = en;
			hasScannedForEncodings = 0;
			knownRegions = (
				en,
				Base,
			);
			mainGroup = 57BBAA572BE1912200E3DE8C;
			productRefGroup = 57BBAA612BE1912200E3DE8C /* Products */;
			projectDirPath = "";
			projectRoot = "";
			targets = (
				57BBAA5F2BE1912200E3DE8C /* supereffective */,
				57BBAA6F2BE1912400E3DE8C /* supereffectiveTests */,
				57BBAA792BE1912400E3DE8C /* supereffectiveUITests */,
			);
		};
/* End PBXProject section */

/* Begin PBXResourcesBuildPhase section */
		57BBAA5E2BE1912200E3DE8C /* Resources */ = {
			isa = PBXResourcesBuildPhase;
			buildActionMask = 2147483647;
			files = (
				57BBAA6B2BE1912400E3DE8C /* Preview Assets.xcassets in Resources */,
				57BBAA682BE1912400E3DE8C /* Assets.xcassets in Resources */,
			);
			runOnlyForDeploymentPostprocessing = 0;
		};
		57BBAA6E2BE1912400E3DE8C /* Resources */ = {
			isa = PBXResourcesBuildPhase;
			buildActionMask = 2147483647;
			files = (
			);
			runOnlyForDeploymentPostprocessing = 0;
		};
		57BBAA782BE1912400E3DE8C /* Resources */ = {
			isa = PBXResourcesBuildPhase;
			buildActionMask = 2147483647;
			files = (
			);
			runOnlyForDeploymentPostprocessing = 0;
		};
/* End PBXResourcesBuildPhase section */

/* Begin PBXSourcesBuildPhase section */
		57BBAA5C2BE1912200E3DE8C /* Sources */ = {
			isa = PBXSourcesBuildPhase;
			buildActionMask = 2147483647;
			files = (
				57BBAA662BE1912200E3DE8C /* ContentView.swift in Sources */,
				57BBAA642BE1912200E3DE8C /* supereffectiveApp.swift in Sources */,
			);
			runOnlyForDeploymentPostprocessing = 0;
		};
		57BBAA6C2BE1912400E3DE8C /* Sources */ = {
			isa = PBXSourcesBuildPhase;
			buildActionMask = 2147483647;
			files = (
				57BBAA752BE1912400E3DE8C /* supereffectiveTests.swift in Sources */,
			);
			runOnlyForDeploymentPostprocessing = 0;
		};
		57BBAA762BE1912400E3DE8C /* Sources */ = {
			isa = PBXSourcesBuildPhase;
			buildActionMask = 2147483647;
			files = (
				57BBAA812BE1912400E3DE8C /* supereffectiveUITestsLaunchTests.swift in Sources */,
				57BBAA7F2BE1912400E3DE8C /* supereffectiveUITests.swift in Sources */,
			);
			runOnlyForDeploymentPostprocessing = 0;
		};
/* End PBXSourcesBuildPhase section */

/* Begin PBXTargetDependency section */
		57BBAA722BE1912400E3DE8C /* PBXTargetDependency */ = {
			isa = PBXTargetDependency;
			target = 57BBAA5F2BE1912200E3DE8C /* supereffective */;
			targetProxy = 57BBAA712BE1912400E3DE8C /* PBXContainerItemProxy */;
		};
		57BBAA7C2BE1912400E3DE8C /* PBXTargetDependency */ = {
			isa = PBXTargetDependency;
			target = 57BBAA5F2BE1912200E3DE8C /* supereffective */;
			targetProxy = 57BBAA7B2BE1912400E3DE8C /* PBXContainerItemProxy */;
		};
/* End PBXTargetDependency section */

/* Begin XCBuildConfiguration section */
		57BBAA822BE1912400E3DE8C /* Debug */ = {
			isa = XCBuildConfiguration;
			buildSettings = {
				ALWAYS_SEARCH_USER_PATHS = NO;
				ASSETCATALOG_COMPILER_GENERATE_SWIFT_ASSET_SYMBOL_EXTENSIONS = YES;
				CLANG_ANALYZER_NONNULL = YES;
				CLANG_ANALYZER_NUMBER_OBJECT_CONVERSION = YES_AGGRESSIVE;
				CLANG_CXX_LANGUAGE_STANDARD = "gnu++20";
				CLANG_ENABLE_MODULES = YES;
				CLANG_ENABLE_OBJC_ARC = YES;
				CLANG_ENABLE_OBJC_WEAK = YES;
				CLANG_WARN_BLOCK_CAPTURE_AUTORELEASING = YES;
				CLANG_WARN_BOOL_CONVERSION = YES;
				CLANG_WARN_COMMA = YES;
				CLANG_WARN_CONSTANT_CONVERSION = YES;
				CLANG_WARN_DEPRECATED_OBJC_IMPLEMENTATIONS = YES;
				CLANG_WARN_DIRECT_OBJC_ISA_USAGE = YES_ERROR;
				CLANG_WARN_DOCUMENTATION_COMMENTS = YES;
				CLANG_WARN_EMPTY_BODY = YES;
				CLANG_WARN_ENUM_CONVERSION = YES;
				CLANG_WARN_INFINITE_RECURSION = YES;
				CLANG_WARN_INT_CONVERSION = YES;
				CLANG_WARN_NON_LITERAL_NULL_CONVERSION = YES;
				CLANG_WARN_OBJC_IMPLICIT_RETAIN_SELF = YES;
				CLANG_WARN_OBJC_LITERAL_CONVERSION = YES;
				CLANG_WARN_OBJC_ROOT_CLASS = YES_ERROR;
				CLANG_WARN_QUOTED_INCLUDE_IN_FRAMEWORK_HEADER = YES;
				CLANG_WARN_RANGE_LOOP_ANALYSIS = YES;
				CLANG_WARN_STRICT_PROTOTYPES = YES;
				CLANG_WARN_SUSPICIOUS_MOVE = YES;
				CLANG_WARN_UNGUARDED_AVAILABILITY = YES_AGGRESSIVE;
				CLANG_WARN_UNREACHABLE_CODE = YES;
				CLANG_WARN__DUPLICATE_METHOD_MATCH = YES;
				COPY_PHASE_STRIP = NO;
				DEBUG_INFORMATION_FORMAT = dwarf;
				ENABLE_STRICT_OBJC_MSGSEND = YES;
				ENABLE_TESTABILITY = YES;
				ENABLE_USER_SCRIPT_SANDBOXING = YES;
				GCC_C_LANGUAGE_STANDARD = gnu17;
				GCC_DYNAMIC_NO_PIC = NO;
				GCC_NO_COMMON_BLOCKS = YES;
				GCC_OPTIMIZATION_LEVEL = 0;
				GCC_PREPROCESSOR_DEFINITIONS = (
					"DEBUG=1",
					"$(inherited)",
				);
				GCC_WARN_64_TO_32_BIT_CONVERSION = YES;
				GCC_WARN_ABOUT_RETURN_TYPE = YES_ERROR;
				GCC_WARN_UNDECLARED_SELECTOR = YES;
				GCC_WARN_UNINITIALIZED_AUTOS = YES_AGGRESSIVE;
				GCC_WARN_UNUSED_FUNCTION = YES;
				GCC_WARN_UNUSED_VARIABLE = YES;
				IPHONEOS_DEPLOYMENT_TARGET = 17.4;
				LOCALIZATION_PREFERS_STRING_CATALOGS = YES;
				MTL_ENABLE_DEBUG_INFO = INCLUDE_SOURCE;
				MTL_FAST_MATH = YES;
				ONLY_ACTIVE_ARCH = YES;
				SDKROOT = iphoneos;
				SWIFT_ACTIVE_COMPILATION_CONDITIONS = "DEBUG $(inherited)";
				SWIFT_OPTIMIZATION_LEVEL = "-Onone";
			};
			name = Debug;
		};
		57BBAA832BE1912400E3DE8C /* Release */ = {
			isa = XCBuildConfiguration;
			buildSettings = {
				ALWAYS_SEARCH_USER_PATHS = NO;
				ASSETCATALOG_COMPILER_GENERATE_SWIFT_ASSET_SYMBOL_EXTENSIONS = YES;
				CLANG_ANALYZER_NONNULL = YES;
				CLANG_ANALYZER_NUMBER_OBJECT_CONVERSION = YES_AGGRESSIVE;
				CLANG_CXX_LANGUAGE_STANDARD = "gnu++20";
				CLANG_ENABLE_MODULES = YES;
				CLANG_ENABLE_OBJC_ARC = YES;
				CLANG_ENABLE_OBJC_WEAK = YES;
				CLANG_WARN_BLOCK_CAPTURE_AUTORELEASING = YES;
				CLANG_WARN_BOOL_CONVERSION = YES;
				CLANG_WARN_COMMA = YES;
				CLANG_WARN_CONSTANT_CONVERSION = YES;
				CLANG_WARN_DEPRECATED_OBJC_IMPLEMENTATIONS = YES;
				CLANG_WARN_DIRECT_OBJC_ISA_USAGE = YES_ERROR;
				CLANG_WARN_DOCUMENTATION_COMMENTS = YES;
				CLANG_WARN_EMPTY_BODY = YES;
				CLANG_WARN_ENUM_CONVERSION = YES;
				CLANG_WARN_INFINITE_RECURSION = YES;
				CLANG_WARN_INT_CONVERSION = YES;
				CLANG_WARN_NON_LITERAL_NULL_CONVERSION = YES;
				CLANG_WARN_OBJC_IMPLICIT_RETAIN_SELF = YES;
				CLANG_WARN_OBJC_LITERAL_CONVERSION = YES;
				CLANG_WARN_OBJC_ROOT_CLASS = YES_ERROR;
				CLANG_WARN_QUOTED_INCLUDE_IN_FRAMEWORK_HEADER = YES;
				CLANG_WARN_RANGE_LOOP_ANALYSIS = YES;
				CLANG_WARN_STRICT_PROTOTYPES = YES;
				CLANG_WARN_SUSPICIOUS_MOVE = YES;
				CLANG_WARN_UNGUARDED_AVAILABILITY = YES_AGGRESSIVE;
				CLANG_WARN_UNREACHABLE_CODE = YES;
				CLANG_WARN__DUPLICATE_METHOD_MATCH = YES;
				COPY_PHASE_STRIP = NO;
				DEBUG_INFORMATION_FORMAT = "dwarf-with-dsym";
				ENABLE_NS_ASSERTIONS = NO;
				ENABLE_STRICT_OBJC_MSGSEND = YES;
				ENABLE_USER_SCRIPT_SANDBOXING = YES;
				GCC_C_LANGUAGE_STANDARD = gnu17;
				GCC_NO_COMMON_BLOCKS = YES;
				GCC_WARN_64_TO_32_BIT_CONVERSION = YES;
				GCC_WARN_ABOUT_RETURN_TYPE = YES_ERROR;
				GCC_WARN_UNDECLARED_SELECTOR = YES;
				GCC_WARN_UNINITIALIZED_AUTOS = YES_AGGRESSIVE;
				GCC_WARN_UNUSED_FUNCTION = YES;
				GCC_WARN_UNUSED_VARIABLE = YES;
				IPHONEOS_DEPLOYMENT_TARGET = 17.4;
				LOCALIZATION_PREFERS_STRING_CATALOGS = YES;
				MTL_ENABLE_DEBUG_INFO = NO;
				MTL_FAST_MATH = YES;
				SDKROOT = iphoneos;
				SWIFT_COMPILATION_MODE = wholemodule;
				VALIDATE_PRODUCT = YES;
			};
			name = Release;
		};
		57BBAA852BE1912400E3DE8C /* Debug */ = {
			isa = XCBuildConfiguration;
			buildSettings = {
				ASSETCATALOG_COMPILER_APPICON_NAME = AppIcon;
				ASSETCATALOG_COMPILER_GLOBAL_ACCENT_COLOR_NAME = AccentColor;
				CODE_SIGN_STYLE = Automatic;
				CURRENT_PROJECT_VERSION = 1;
				DEVELOPMENT_ASSET_PATHS = "\"supereffective/Preview Content\"";
				DEVELOPMENT_TEAM = K24Q63C8C9;
				ENABLE_PREVIEWS = YES;
				GENERATE_INFOPLIST_FILE = YES;
				INFOPLIST_KEY_UIApplicationSceneManifest_Generation = YES;
				INFOPLIST_KEY_UIApplicationSupportsIndirectInputEvents = YES;
				INFOPLIST_KEY_UILaunchScreen_Generation = YES;
				INFOPLIST_KEY_UISupportedInterfaceOrientations_iPad = "UIInterfaceOrientationPortrait UIInterfaceOrientationPortraitUpsideDown UIInterfaceOrientationLandscapeLeft UIInterfaceOrientationLandscapeRight";
				INFOPLIST_KEY_UISupportedInterfaceOrientations_iPhone = "UIInterfaceOrientationPortrait UIInterfaceOrientationLandscapeLeft UIInterfaceOrientationLandscapeRight";
				LD_RUNPATH_SEARCH_PATHS = (
					"$(inherited)",
					"@executable_path/Frameworks",
				);
				MARKETING_VERSION = 1.0;
				PRODUCT_BUNDLE_IDENTIFIER = com.ashlee.muscroft.supereffective;
				PRODUCT_NAME = "$(TARGET_NAME)";
				SWIFT_EMIT_LOC_STRINGS = YES;
				SWIFT_VERSION = 5.0;
				TARGETED_DEVICE_FAMILY = "1,2";
			};
			name = Debug;
		};
		57BBAA862BE1912400E3DE8C /* Release */ = {
			isa = XCBuildConfiguration;
			buildSettings = {
				ASSETCATALOG_COMPILER_APPICON_NAME = AppIcon;
				ASSETCATALOG_COMPILER_GLOBAL_ACCENT_COLOR_NAME = AccentColor;
				CODE_SIGN_STYLE = Automatic;
				CURRENT_PROJECT_VERSION = 1;
				DEVELOPMENT_ASSET_PATHS = "\"supereffective/Preview Content\"";
				DEVELOPMENT_TEAM = K24Q63C8C9;
				ENABLE_PREVIEWS = YES;
				GENERATE_INFOPLIST_FILE = YES;
				INFOPLIST_KEY_UIApplicationSceneManifest_Generation = YES;
				INFOPLIST_KEY_UIApplicationSupportsIndirectInputEvents = YES;
				INFOPLIST_KEY_UILaunchScreen_Generation = YES;
				INFOPLIST_KEY_UISupportedInterfaceOrientations_iPad = "UIInterfaceOrientationPortrait UIInterfaceOrientationPortraitUpsideDown UIInterfaceOrientationLandscapeLeft UIInterfaceOrientationLandscapeRight";
				INFOPLIST_KEY_UISupportedInterfaceOrientations_iPhone = "UIInterfaceOrientationPortrait UIInterfaceOrientationLandscapeLeft UIInterfaceOrientationLandscapeRight";
				LD_RUNPATH_SEARCH_PATHS = (
					"$(inherited)",
					"@executable_path/Frameworks",
				);
				MARKETING_VERSION = 1.0;
				PRODUCT_BUNDLE_IDENTIFIER = com.ashlee.muscroft.supereffective;
				PRODUCT_NAME = "$(TARGET_NAME)";
				SWIFT_EMIT_LOC_STRINGS = YES;
				SWIFT_VERSION = 5.0;
				TARGETED_DEVICE_FAMILY = "1,2";
			};
			name = Release;
		};
		57BBAA882BE1912400E3DE8C /* Debug */ = {
			isa = XCBuildConfiguration;
			buildSettings = {
				ALWAYS_EMBED_SWIFT_STANDARD_LIBRARIES = YES;
				BUNDLE_LOADER = "$(TEST_HOST)";
				CODE_SIGN_STYLE = Automatic;
				CURRENT_PROJECT_VERSION = 1;
				DEVELOPMENT_TEAM = K24Q63C8C9;
				GENERATE_INFOPLIST_FILE = YES;
				IPHONEOS_DEPLOYMENT_TARGET = 17.4;
				MARKETING_VERSION = 1.0;
				PRODUCT_BUNDLE_IDENTIFIER = com.ashlee.muscroft.supereffectiveTests;
				PRODUCT_NAME = "$(TARGET_NAME)";
				SWIFT_EMIT_LOC_STRINGS = NO;
				SWIFT_VERSION = 5.0;
				TARGETED_DEVICE_FAMILY = "1,2";
				TEST_HOST = "$(BUILT_PRODUCTS_DIR)/supereffective.app/$(BUNDLE_EXECUTABLE_FOLDER_PATH)/supereffective";
			};
			name = Debug;
		};
		57BBAA892BE1912400E3DE8C /* Release */ = {
			isa = XCBuildConfiguration;
			buildSettings = {
				ALWAYS_EMBED_SWIFT_STANDARD_LIBRARIES = YES;
				BUNDLE_LOADER = "$(TEST_HOST)";
				CODE_SIGN_STYLE = Automatic;
				CURRENT_PROJECT_VERSION = 1;
				DEVELOPMENT_TEAM = K24Q63C8C9;
				GENERATE_INFOPLIST_FILE = YES;
				IPHONEOS_DEPLOYMENT_TARGET = 17.4;
				MARKETING_VERSION = 1.0;
				PRODUCT_BUNDLE_IDENTIFIER = com.ashlee.muscroft.supereffectiveTests;
				PRODUCT_NAME = "$(TARGET_NAME)";
				SWIFT_EMIT_LOC_STRINGS = NO;
				SWIFT_VERSION = 5.0;
				TARGETED_DEVICE_FAMILY = "1,2";
				TEST_HOST = "$(BUILT_PRODUCTS_DIR)/supereffective.app/$(BUNDLE_EXECUTABLE_FOLDER_PATH)/supereffective";
			};
			name = Release;
		};
		57BBAA8B2BE1912400E3DE8C /* Debug */ = {
			isa = XCBuildConfiguration;
			buildSettings = {
				ALWAYS_EMBED_SWIFT_STANDARD_LIBRARIES = YES;
				CODE_SIGN_STYLE = Automatic;
				CURRENT_PROJECT_VERSION = 1;
				DEVELOPMENT_TEAM = K24Q63C8C9;
				GENERATE_INFOPLIST_FILE = YES;
				MARKETING_VERSION = 1.0;
				PRODUCT_BUNDLE_IDENTIFIER = com.ashlee.muscroft.supereffectiveUITests;
				PRODUCT_NAME = "$(TARGET_NAME)";
				SWIFT_EMIT_LOC_STRINGS = NO;
				SWIFT_VERSION = 5.0;
				TARGETED_DEVICE_FAMILY = "1,2";
				TEST_TARGET_NAME = supereffective;
			};
			name = Debug;
		};
		57BBAA8C2BE1912400E3DE8C /* Release */ = {
			isa = XCBuildConfiguration;
			buildSettings = {
				ALWAYS_EMBED_SWIFT_STANDARD_LIBRARIES = YES;
				CODE_SIGN_STYLE = Automatic;
				CURRENT_PROJECT_VERSION = 1;
				DEVELOPMENT_TEAM = K24Q63C8C9;
				GENERATE_INFOPLIST_FILE = YES;
				MARKETING_VERSION = 1.0;
				PRODUCT_BUNDLE_IDENTIFIER = com.ashlee.muscroft.supereffectiveUITests;
				PRODUCT_NAME = "$(TARGET_NAME)";
				SWIFT_EMIT_LOC_STRINGS = NO;
				SWIFT_VERSION = 5.0;
				TARGETED_DEVICE_FAMILY = "1,2";
				TEST_TARGET_NAME = supereffective;
			};
			name = Release;
		};
/* End XCBuildConfiguration section */

/* Begin XCConfigurationList section */
		57BBAA5B2BE1912200E3DE8C /* Build configuration list for PBXProject "supereffective" */ = {
			isa = XCConfigurationList;
			buildConfigurations = (
				57BBAA822BE1912400E3DE8C /* Debug */,
				57BBAA832BE1912400E3DE8C /* Release */,
			);
			defaultConfigurationIsVisible = 0;
			defaultConfigurationName = Release;
		};
		57BBAA842BE1912400E3DE8C /* Build configuration list for PBXNativeTarget "supereffective" */ = {
			isa = XCConfigurationList;
			buildConfigurations = (
				57BBAA852BE1912400E3DE8C /* Debug */,
				57BBAA862BE1912400E3DE8C /* Release */,
			);
			defaultConfigurationIsVisible = 0;
			defaultConfigurationName = Release;
		};
		57BBAA872BE1912400E3DE8C /* Build configuration list for PBXNativeTarget "supereffectiveTests" */ = {
			isa = XCConfigurationList;
			buildConfigurations = (
				57BBAA882BE1912400E3DE8C /* Debug */,
				57BBAA892BE1912400E3DE8C /* Release */,
			);
			defaultConfigurationIsVisible = 0;
			defaultConfigurationName = Release;
		};
		57BBAA8A2BE1912400E3DE8C /* Build configuration list for PBXNativeTarget "supereffectiveUITests" */ = {
			isa = XCConfigurationList;
			buildConfigurations = (
				57BBAA8B2BE1912400E3DE8C /* Debug */,
				57BBAA8C2BE1912400E3DE8C /* Release */,
			);
			defaultConfigurationIsVisible = 0;
			defaultConfigurationName = Release;
		};
/* End XCConfigurationList section */
	};
	rootObject = 57BBAA582BE1912200E3DE8C /* Project object */;
}
